
Microsoft Visual Studio Solution File, Format Version 12.00
# Visual Studio Version 16
VisualStudioVersion = 16.0.31019.35
MinimumVisualStudioVersion = 10.0.40219.1
Project("{FAE04EC0-301F-11D3-BF4B-00C04F79EFBC}") = "api_confirm", "api_confirm\api_confirm.csproj", "{8FC44147-2C94-44F2-B3A3-74D5F98AC8EF}"
EndProject
Project("{FAE04EC0-301F-11D3-BF4B-00C04F79EFBC}") = "api_viewModel", "api_viewModel\api_viewModel.csproj", "{AB98A77A-49EC-4D8B-A88C-770954399FAB}"
EndProject
Global
	GlobalSection(SolutionConfigurationPlatforms) = preSolution
		Debug|Any CPU = Debug|Any CPU
		Release|Any CPU = Release|Any CPU
	EndGlobalSection
	GlobalSection(ProjectConfigurationPlatforms) = postSolution
		{8FC44147-2C94-44F2-B3A3-74D5F98AC8EF}.Debug|Any CPU.ActiveCfg = Debug|Any CPU
		{8FC44147-2C94-44F2-B3A3-74D5F98AC8EF}.Debug|Any CPU.Build.0 = Debug|Any CPU
		{8FC44147-2C94-44F2-B3A3-74D5F98AC8EF}.Release|Any CPU.ActiveCfg = Release|Any CPU
		{8FC44147-2C94-44F2-B3A3-74D5F98AC8EF}.Release|Any CPU.Build.0 = Release|Any CPU
		{AB98A77A-49EC-4D8B-A88C-770954399FAB}.Debug|Any CPU.ActiveCfg = Debug|Any CPU
		{AB98A77A-49EC-4D8B-A88C-770954399FAB}.Debug|Any CPU.Build.0 = Debug|Any CPU
		{AB98A77A-49EC-4D8B-A88C-770954399FAB}.Release|Any CPU.ActiveCfg = Release|Any CPU
		{AB98A77A-49EC-4D8B-A88C-770954399FAB}.Release|Any CPU.Build.0 = Release|Any CPU
	EndGlobalSection
	GlobalSection(SolutionProperties) = preSolution
		HideSolutionNode = FALSE
	EndGlobalSection
	GlobalSection(ExtensibilityGlobals) = postSolution
		SolutionGuid = {8271D87D-AB03-42B8-983E-7387CAB1303C}
	EndGlobalSection
EndGlobal
